
Microsoft Visual Studio Solution File, Format Version 12.00
# Visual Studio Version 16
VisualStudioVersion = 16.0.29613.14
MinimumVisualStudioVersion = 10.0.40219.1
Project("{9A19103F-16F7-4668-BE54-9A1E7A4F7556}") = "Entities", "Entities\Entities.csproj", "{D52165E5-CF4A-47CE-B7D8-A39A54232B90}"
EndProject
Project("{9A19103F-16F7-4668-BE54-9A1E7A4F7556}") = "DataAccess", "DataAccess\DataAccess.csproj", "{1B3717F3-774D-4291-89B3-9E445E826736}"
EndProject
Project("{9A19103F-16F7-4668-BE54-9A1E7A4F7556}") = "Core", "Core\Core.csproj", "{61381FAD-08AD-4F50-8812-603594054F6D}"
EndProject
Project("{9A19103F-16F7-4668-BE54-9A1E7A4F7556}") = "Business", "Business\Business.csproj", "{ABF59F5C-F1B4-40EE-AAF8-B22D24B5CB6C}"
EndProject
Project("{FAE04EC0-301F-11D3-BF4B-00C04F79EFBC}") = "ArticleAPI", "ArticleAPI\ArticleAPI.csproj", "{A6AE7207-A421-4B72-8B19-0C708D2FC486}"
EndProject
Global
	GlobalSection(SolutionConfigurationPlatforms) = preSolution
		Debug|Any CPU = Debug|Any CPU
		Release|Any CPU = Release|Any CPU
	EndGlobalSection
	GlobalSection(ProjectConfigurationPlatforms) = postSolution
		{D52165E5-CF4A-47CE-B7D8-A39A54232B90}.Debug|Any CPU.ActiveCfg = Debug|Any CPU
		{D52165E5-CF4A-47CE-B7D8-A39A54232B90}.Debug|Any CPU.Build.0 = Debug|Any CPU
		{D52165E5-CF4A-47CE-B7D8-A39A54232B90}.Release|Any CPU.ActiveCfg = Release|Any CPU
		{D52165E5-CF4A-47CE-B7D8-A39A54232B90}.Release|Any CPU.Build.0 = Release|Any CPU
		{1B3717F3-774D-4291-89B3-9E445E826736}.Debug|Any CPU.ActiveCfg = Debug|Any CPU
		{1B3717F3-774D-4291-89B3-9E445E826736}.Debug|Any CPU.Build.0 = Debug|Any CPU
		{1B3717F3-774D-4291-89B3-9E445E826736}.Release|Any CPU.ActiveCfg = Release|Any CPU
		{1B3717F3-774D-4291-89B3-9E445E826736}.Release|Any CPU.Build.0 = Release|Any CPU
		{61381FAD-08AD-4F50-8812-603594054F6D}.Debug|Any CPU.ActiveCfg = Debug|Any CPU
		{61381FAD-08AD-4F50-8812-603594054F6D}.Debug|Any CPU.Build.0 = Debug|Any CPU
		{61381FAD-08AD-4F50-8812-603594054F6D}.Release|Any CPU.ActiveCfg = Release|Any CPU
		{61381FAD-08AD-4F50-8812-603594054F6D}.Release|Any CPU.Build.0 = Release|Any CPU
		{ABF59F5C-F1B4-40EE-AAF8-B22D24B5CB6C}.Debug|Any CPU.ActiveCfg = Debug|Any CPU
		{ABF59F5C-F1B4-40EE-AAF8-B22D24B5CB6C}.Debug|Any CPU.Build.0 = Debug|Any CPU
		{ABF59F5C-F1B4-40EE-AAF8-B22D24B5CB6C}.Release|Any CPU.ActiveCfg = Release|Any CPU
		{ABF59F5C-F1B4-40EE-AAF8-B22D24B5CB6C}.Release|Any CPU.Build.0 = Release|Any CPU
		{A6AE7207-A421-4B72-8B19-0C708D2FC486}.Debug|Any CPU.ActiveCfg = Debug|Any CPU
		{A6AE7207-A421-4B72-8B19-0C708D2FC486}.Debug|Any CPU.Build.0 = Debug|Any CPU
		{A6AE7207-A421-4B72-8B19-0C708D2FC486}.Release|Any CPU.ActiveCfg = Release|Any CPU
		{A6AE7207-A421-4B72-8B19-0C708D2FC486}.Release|Any CPU.Build.0 = Release|Any CPU
	EndGlobalSection
	GlobalSection(SolutionProperties) = preSolution
		HideSolutionNode = FALSE
	EndGlobalSection
	GlobalSection(ExtensibilityGlobals) = postSolution
		SolutionGuid = {21A808B6-DBC5-4EE9-B047-BBFBA7993DD2}
	EndGlobalSection
EndGlobal
